
Microsoft Visual Studio Solution File, Format Version 12.00
# Visual Studio Version 16
VisualStudioVersion = 16.0.30114.105
MinimumVisualStudioVersion = 10.0.40219.1
Project("{FAE04EC0-301F-11D3-BF4B-00C04F79EFBC}") = "HostedMono", "HostedMono\HostedMono.csproj", "{05BC8727-4772-4CF2-A3D9-DEBB77F12D6A}"
EndProject
Project("{FAE04EC0-301F-11D3-BF4B-00C04F79EFBC}") = "SampleHost", "SampleHost\SampleHost.csproj", "{2FD86F0E-833C-4D9C-A05F-2927055ACB2A}"
EndProject
Project("{FAE04EC0-301F-11D3-BF4B-00C04F79EFBC}") = "InnerApp", "InnerApp\InnerApp.csproj", "{691B3DD0-F3C1-4BAE-B279-C01B24832DBB}"
EndProject
Global
	GlobalSection(SolutionConfigurationPlatforms) = preSolution
		Debug|Any CPU = Debug|Any CPU
		Release|Any CPU = Release|Any CPU
	EndGlobalSection
	GlobalSection(SolutionProperties) = preSolution
		HideSolutionNode = FALSE
	EndGlobalSection
	GlobalSection(ProjectConfigurationPlatforms) = postSolution
		{05BC8727-4772-4CF2-A3D9-DEBB77F12D6A}.Debug|Any CPU.ActiveCfg = Debug|Any CPU
		{05BC8727-4772-4CF2-A3D9-DEBB77F12D6A}.Debug|Any CPU.Build.0 = Debug|Any CPU
		{05BC8727-4772-4CF2-A3D9-DEBB77F12D6A}.Release|Any CPU.ActiveCfg = Release|Any CPU
		{05BC8727-4772-4CF2-A3D9-DEBB77F12D6A}.Release|Any CPU.Build.0 = Release|Any CPU
		{2FD86F0E-833C-4D9C-A05F-2927055ACB2A}.Debug|Any CPU.ActiveCfg = Debug|Any CPU
		{2FD86F0E-833C-4D9C-A05F-2927055ACB2A}.Debug|Any CPU.Build.0 = Debug|Any CPU
		{2FD86F0E-833C-4D9C-A05F-2927055ACB2A}.Release|Any CPU.ActiveCfg = Release|Any CPU
		{2FD86F0E-833C-4D9C-A05F-2927055ACB2A}.Release|Any CPU.Build.0 = Release|Any CPU
		{691B3DD0-F3C1-4BAE-B279-C01B24832DBB}.Debug|Any CPU.ActiveCfg = Debug|Any CPU
		{691B3DD0-F3C1-4BAE-B279-C01B24832DBB}.Debug|Any CPU.Build.0 = Debug|Any CPU
		{691B3DD0-F3C1-4BAE-B279-C01B24832DBB}.Release|Any CPU.ActiveCfg = Release|Any CPU
		{691B3DD0-F3C1-4BAE-B279-C01B24832DBB}.Release|Any CPU.Build.0 = Release|Any CPU
	EndGlobalSection
EndGlobal
